
Microsoft Visual Studio Solution File, Format Version 12.00
# Visual Studio 15
Project("{FAE04EC0-301F-11D3-BF4B-00C04F79EFBC}") = "VuforiaScripts", "VuforiaScripts.csproj", "{9292907D-7A78-DC8E-ED89-A8591FB0080A}"
EndProject
Project("{FAE04EC0-301F-11D3-BF4B-00C04F79EFBC}") = "VuforiaEditorScripts", "VuforiaEditorScripts.csproj", "{7A18C821-B7AB-64B4-C8A1-D8CDD04E300D}"
EndProject
Global
	GlobalSection(SolutionConfigurationPlatforms) = preSolution
		Debug|Any CPU = Debug|Any CPU
		Release|Any CPU = Release|Any CPU
	EndGlobalSection
	GlobalSection(ProjectConfigurationPlatforms) = postSolution
		{9292907D-7A78-DC8E-ED89-A8591FB0080A}.Debug|Any CPU.ActiveCfg = Debug|Any CPU
		{9292907D-7A78-DC8E-ED89-A8591FB0080A}.Debug|Any CPU.Build.0 = Debug|Any CPU
		{9292907D-7A78-DC8E-ED89-A8591FB0080A}.Release|Any CPU.ActiveCfg = Release|Any CPU
		{9292907D-7A78-DC8E-ED89-A8591FB0080A}.Release|Any CPU.Build.0 = Release|Any CPU
		{7A18C821-B7AB-64B4-C8A1-D8CDD04E300D}.Debug|Any CPU.ActiveCfg = Debug|Any CPU
		{7A18C821-B7AB-64B4-C8A1-D8CDD04E300D}.Debug|Any CPU.Build.0 = Debug|Any CPU
		{7A18C821-B7AB-64B4-C8A1-D8CDD04E300D}.Release|Any CPU.ActiveCfg = Release|Any CPU
		{7A18C821-B7AB-64B4-C8A1-D8CDD04E300D}.Release|Any CPU.Build.0 = Release|Any CPU
	EndGlobalSection
	GlobalSection(SolutionProperties) = preSolution
		HideSolutionNode = FALSE
	EndGlobalSection
EndGlobal
